
Microsoft Visual Studio Solution File, Format Version 12.00
# Visual Studio Version 17
VisualStudioVersion = 17.1.32421.90
MinimumVisualStudioVersion = 10.0.40219.1
Project("{9A19103F-16F7-4668-BE54-9A1E7A4F7556}") = "ProjectDashboardSample", "ProjectDashboardSample.csproj", "{E927BD6B-C6D8-464B-B62B-FC6EEEAF06D3}"
EndProject
Global
	GlobalSection(SolutionConfigurationPlatforms) = preSolution
		Debug|Any CPU = Debug|Any CPU
		Release|Any CPU = Release|Any CPU
	EndGlobalSection
	GlobalSection(ProjectConfigurationPlatforms) = postSolution
		{E927BD6B-C6D8-464B-B62B-FC6EEEAF06D3}.Debug|Any CPU.ActiveCfg = Debug|Any CPU
		{E927BD6B-C6D8-464B-B62B-FC6EEEAF06D3}.Debug|Any CPU.Build.0 = Debug|Any CPU
		{E927BD6B-C6D8-464B-B62B-FC6EEEAF06D3}.Release|Any CPU.ActiveCfg = Release|Any CPU
		{E927BD6B-C6D8-464B-B62B-FC6EEEAF06D3}.Release|Any CPU.Build.0 = Release|Any CPU
	EndGlobalSection
	GlobalSection(SolutionProperties) = preSolution
		HideSolutionNode = FALSE
	EndGlobalSection
	GlobalSection(ExtensibilityGlobals) = postSolution
		SolutionGuid = {82AA67B6-71C1-42AD-AE8F-076B657D7056}
	EndGlobalSection
EndGlobal
